// !$*UTF8*$!
{
	archiveVersion = 1;
	classes = {
	};
	objectVersion = 46;
	objects = {

/* Begin PBXBuildFile section */
		FC02B3B11F3CF851007829EB /* AppDelegate.swift in Sources */ = {isa = PBXBuildFile; fileRef = FC02B3B01F3CF851007829EB /* AppDelegate.swift */; };
		FC02B3B31F3CF851007829EB /* PhotoPickerVC.swift in Sources */ = {isa = PBXBuildFile; fileRef = FC02B3B21F3CF851007829EB /* PhotoPickerVC.swift */; };
		FC02B3B61F3CF851007829EB /* Main.storyboard in Resources */ = {isa = PBXBuildFile; fileRef = FC02B3B41F3CF851007829EB /* Main.storyboard */; };
		FC02B3B81F3CF851007829EB /* Assets.xcassets in Resources */ = {isa = PBXBuildFile; fileRef = FC02B3B71F3CF851007829EB /* Assets.xcassets */; };
		FC02B3BB1F3CF851007829EB /* LaunchScreen.storyboard in Resources */ = {isa = PBXBuildFile; fileRef = FC02B3B91F3CF851007829EB /* LaunchScreen.storyboard */; };
		FC02B3C61F3CF851007829EB /* testTaskAMGradeTests.swift in Sources */ = {isa = PBXBuildFile; fileRef = FC02B3C51F3CF851007829EB /* testTaskAMGradeTests.swift */; };
		FC02B3D11F3CF960007829EB /* CustomSegue.swift in Sources */ = {isa = PBXBuildFile; fileRef = FC02B3D01F3CF960007829EB /* CustomSegue.swift */; };
		FC02B3D31F3CFD2D007829EB /* BrowserVC.swift in Sources */ = {isa = PBXBuildFile; fileRef = FC02B3D21F3CFD2D007829EB /* BrowserVC.swift */; };
/* End PBXBuildFile section */

/* Begin PBXContainerItemProxy section */
		FC02B3C21F3CF851007829EB /* PBXContainerItemProxy */ = {
			isa = PBXContainerItemProxy;
			containerPortal = FC02B3A51F3CF850007829EB /* Project object */;
			proxyType = 1;
			remoteGlobalIDString = FC02B3AC1F3CF850007829EB;
			remoteInfo = testTaskAMGrade;
		};
/* End PBXContainerItemProxy section */

/* Begin PBXFileReference section */
		FC02B3AD1F3CF851007829EB /* testTaskAMGrade.app */ = {isa = PBXFileReference; explicitFileType = wrapper.application; includeInIndex = 0; path = testTaskAMGrade.app; sourceTree = BUILT_PRODUCTS_DIR; };
		FC02B3B01F3CF851007829EB /* AppDelegate.swift */ = {isa = PBXFileReference; lastKnownFileType = sourcecode.swift; path = AppDelegate.swift; sourceTree = "<group>"; };
		FC02B3B21F3CF851007829EB /* PhotoPickerVC.swift */ = {isa = PBXFileReference; lastKnownFileType = sourcecode.swift; path = PhotoPickerVC.swift; sourceTree = "<group>"; };
		FC02B3B51F3CF851007829EB /* Base */ = {isa = PBXFileReference; lastKnownFileType = file.storyboard; name = Base; path = Base.lproj/Main.storyboard; sourceTree = "<group>"; };
		FC02B3B71F3CF851007829EB /* Assets.xcassets */ = {isa = PBXFileReference; lastKnownFileType = folder.assetcatalog; path = Assets.xcassets; sourceTree = "<group>"; };
		FC02B3BA1F3CF851007829EB /* Base */ = {isa = PBXFileReference; lastKnownFileType = file.storyboard; name = Base; path = Base.lproj/LaunchScreen.storyboard; sourceTree = "<group>"; };
		FC02B3BC1F3CF851007829EB /* Info.plist */ = {isa = PBXFileReference; lastKnownFileType = text.plist.xml; path = Info.plist; sourceTree = "<group>"; };
		FC02B3C11F3CF851007829EB /* testTaskAMGradeTests.xctest */ = {isa = PBXFileReference; explicitFileType = wrapper.cfbundle; includeInIndex = 0; path = testTaskAMGradeTests.xctest; sourceTree = BUILT_PRODUCTS_DIR; };
		FC02B3C51F3CF851007829EB /* testTaskAMGradeTests.swift */ = {isa = PBXFileReference; lastKnownFileType = sourcecode.swift; path = testTaskAMGradeTests.swift; sourceTree = "<group>"; };
		FC02B3C71F3CF851007829EB /* Info.plist */ = {isa = PBXFileReference; lastKnownFileType = text.plist.xml; path = Info.plist; sourceTree = "<group>"; };
		FC02B3D01F3CF960007829EB /* CustomSegue.swift */ = {isa = PBXFileReference; fileEncoding = 4; lastKnownFileType = sourcecode.swift; path = CustomSegue.swift; sourceTree = "<group>"; };
		FC02B3D21F3CFD2D007829EB /* BrowserVC.swift */ = {isa = PBXFileReference; fileEncoding = 4; lastKnownFileType = sourcecode.swift; path = BrowserVC.swift; sourceTree = "<group>"; };
/* End PBXFileReference section */

/* Begin PBXFrameworksBuildPhase section */
		FC02B3AA1F3CF850007829EB /* Frameworks */ = {
			isa = PBXFrameworksBuildPhase;
			buildActionMask = 2147483647;
			files = (
			);
			runOnlyForDeploymentPostprocessing = 0;
		};
		FC02B3BE1F3CF851007829EB /* Frameworks */ = {
			isa = PBXFrameworksBuildPhase;
			buildActionMask = 2147483647;
			files = (
			);
			runOnlyForDeploymentPostprocessing = 0;
		};
/* End PBXFrameworksBuildPhase section */

/* Begin PBXGroup section */
		FC02B3A41F3CF850007829EB = {
			isa = PBXGroup;
			children = (
				FC02B3AF1F3CF851007829EB /* testTaskAMGrade */,
				FC02B3C41F3CF851007829EB /* testTaskAMGradeTests */,
				FC02B3AE1F3CF851007829EB /* Products */,
			);
			sourceTree = "<group>";
		};
		FC02B3AE1F3CF851007829EB /* Products */ = {
			isa = PBXGroup;
			children = (
				FC02B3AD1F3CF851007829EB /* testTaskAMGrade.app */,
				FC02B3C11F3CF851007829EB /* testTaskAMGradeTests.xctest */,
			);
			name = Products;
			sourceTree = "<group>";
		};
		FC02B3AF1F3CF851007829EB /* testTaskAMGrade */ = {
			isa = PBXGroup;
			children = (
				FC02B3B01F3CF851007829EB /* AppDelegate.swift */,
				FC02B3B21F3CF851007829EB /* PhotoPickerVC.swift */,
				FC02B3D21F3CFD2D007829EB /* BrowserVC.swift */,
				FC02B3B41F3CF851007829EB /* Main.storyboard */,
				FC02B3D41F3CFDAA007829EB /* Segue */,
				FC02B3B71F3CF851007829EB /* Assets.xcassets */,
				FC02B3B91F3CF851007829EB /* LaunchScreen.storyboard */,
				FC02B3BC1F3CF851007829EB /* Info.plist */,
			);
			path = testTaskAMGrade;
			sourceTree = "<group>";
		};
		FC02B3C41F3CF851007829EB /* testTaskAMGradeTests */ = {
			isa = PBXGroup;
			children = (
				FC02B3C51F3CF851007829EB /* testTaskAMGradeTests.swift */,
				FC02B3C71F3CF851007829EB /* Info.plist */,
			);
			path = testTaskAMGradeTests;
			sourceTree = "<group>";
		};
		FC02B3D41F3CFDAA007829EB /* Segue */ = {
			isa = PBXGroup;
			children = (
				FC02B3D01F3CF960007829EB /* CustomSegue.swift */,
			);
			name = Segue;
			sourceTree = "<group>";
		};
/* End PBXGroup section */

/* Begin PBXNativeTarget section */
		FC02B3AC1F3CF850007829EB /* testTaskAMGrade */ = {
			isa = PBXNativeTarget;
			buildConfigurationList = FC02B3CA1F3CF851007829EB /* Build configuration list for PBXNativeTarget "testTaskAMGrade" */;
			buildPhases = (
				FC02B3A91F3CF850007829EB /* Sources */,
				FC02B3AA1F3CF850007829EB /* Frameworks */,
				FC02B3AB1F3CF850007829EB /* Resources */,
			);
			buildRules = (
			);
			dependencies = (
			);
			name = testTaskAMGrade;
			productName = testTaskAMGrade;
			productReference = FC02B3AD1F3CF851007829EB /* testTaskAMGrade.app */;
			productType = "com.apple.product-type.application";
		};
		FC02B3C01F3CF851007829EB /* testTaskAMGradeTests */ = {
			isa = PBXNativeTarget;
			buildConfigurationList = FC02B3CD1F3CF851007829EB /* Build configuration list for PBXNativeTarget "testTaskAMGradeTests" */;
			buildPhases = (
				FC02B3BD1F3CF851007829EB /* Sources */,
				FC02B3BE1F3CF851007829EB /* Frameworks */,
				FC02B3BF1F3CF851007829EB /* Resources */,
			);
			buildRules = (
			);
			dependencies = (
				FC02B3C31F3CF851007829EB /* PBXTargetDependency */,
			);
			name = testTaskAMGradeTests;
			productName = testTaskAMGradeTests;
			productReference = FC02B3C11F3CF851007829EB /* testTaskAMGradeTests.xctest */;
			productType = "com.apple.product-type.bundle.unit-test";
		};
/* End PBXNativeTarget section */

/* Begin PBXProject section */
		FC02B3A51F3CF850007829EB /* Project object */ = {
			isa = PBXProject;
			attributes = {
				LastSwiftUpdateCheck = 0830;
				LastUpgradeCheck = 0830;
				ORGANIZATIONNAME = azatech;
				TargetAttributes = {
					FC02B3AC1F3CF850007829EB = {
						CreatedOnToolsVersion = 8.3.3;
						DevelopmentTeam = 46F3JWDNJW;
						ProvisioningStyle = Automatic;
					};
					FC02B3C01F3CF851007829EB = {
						CreatedOnToolsVersion = 8.3.3;
						DevelopmentTeam = L8KP66Y8C7;
						ProvisioningStyle = Automatic;
						TestTargetID = FC02B3AC1F3CF850007829EB;
					};
				};
			};
			buildConfigurationList = FC02B3A81F3CF850007829EB /* Build configuration list for PBXProject "testTaskAMGrade" */;
			compatibilityVersion = "Xcode 3.2";
			developmentRegion = English;
			hasScannedForEncodings = 0;
			knownRegions = (
				en,
				Base,
			);
			mainGroup = FC02B3A41F3CF850007829EB;
			productRefGroup = FC02B3AE1F3CF851007829EB /* Products */;
			projectDirPath = "";
			projectRoot = "";
			targets = (
				FC02B3AC1F3CF850007829EB /* testTaskAMGrade */,
				FC02B3C01F3CF851007829EB /* testTaskAMGradeTests */,
			);
		};
/* End PBXProject section */

/* Begin PBXResourcesBuildPhase section */
		FC02B3AB1F3CF850007829EB /* Resources */ = {
			isa = PBXResourcesBuildPhase;
			buildActionMask = 2147483647;
			files = (
				FC02B3BB1F3CF851007829EB /* LaunchScreen.storyboard in Resources */,
				FC02B3B81F3CF851007829EB /* Assets.xcassets in Resources */,
				FC02B3B61F3CF851007829EB /* Main.storyboard in Resources */,
			);
			runOnlyForDeploymentPostprocessing = 0;
		};
		FC02B3BF1F3CF851007829EB /* Resources */ = {
			isa = PBXResourcesBuildPhase;
			buildActionMask = 2147483647;
			files = (
			);
			runOnlyForDeploymentPostprocessing = 0;
		};
/* End PBXResourcesBuildPhase section */

/* Begin PBXSourcesBuildPhase section */
		FC02B3A91F3CF850007829EB /* Sources */ = {
			isa = PBXSourcesBuildPhase;
			buildActionMask = 2147483647;
			files = (
				FC02B3B31F3CF851007829EB /* PhotoPickerVC.swift in Sources */,
				FC02B3D11F3CF960007829EB /* CustomSegue.swift in Sources */,
				FC02B3B11F3CF851007829EB /* AppDelegate.swift in Sources */,
				FC02B3D31F3CFD2D007829EB /* BrowserVC.swift in Sources */,
			);
			runOnlyForDeploymentPostprocessing = 0;
		};
		FC02B3BD1F3CF851007829EB /* Sources */ = {
			isa = PBXSourcesBuildPhase;
			buildActionMask = 2147483647;
			files = (
				FC02B3C61F3CF851007829EB /* testTaskAMGradeTests.swift in Sources */,
			);
			runOnlyForDeploymentPostprocessing = 0;
		};
/* End PBXSourcesBuildPhase section */

/* Begin PBXTargetDependency section */
		FC02B3C31F3CF851007829EB /* PBXTargetDependency */ = {
			isa = PBXTargetDependency;
			target = FC02B3AC1F3CF850007829EB /* testTaskAMGrade */;
			targetProxy = FC02B3C21F3CF851007829EB /* PBXContainerItemProxy */;
		};
/* End PBXTargetDependency section */

/* Begin PBXVariantGroup section */
		FC02B3B41F3CF851007829EB /* Main.storyboard */ = {
			isa = PBXVariantGroup;
			children = (
				FC02B3B51F3CF851007829EB /* Base */,
			);
			name = Main.storyboard;
			sourceTree = "<group>";
		};
		FC02B3B91F3CF851007829EB /* LaunchScreen.storyboard */ = {
			isa = PBXVariantGroup;
			children = (
				FC02B3BA1F3CF851007829EB /* Base */,
			);
			name = LaunchScreen.storyboard;
			sourceTree = "<group>";
		};
/* End PBXVariantGroup section */

/* Begin XCBuildConfiguration section */
		FC02B3C81F3CF851007829EB /* Debug */ = {
			isa = XCBuildConfiguration;
			buildSettings = {
				ALWAYS_SEARCH_USER_PATHS = NO;
				CLANG_ANALYZER_NONNULL = YES;
				CLANG_ANALYZER_NUMBER_OBJECT_CONVERSION = YES_AGGRESSIVE;
				CLANG_CXX_LANGUAGE_STANDARD = "gnu++0x";
				CLANG_CXX_LIBRARY = "libc++";
				CLANG_ENABLE_MODULES = YES;
				CLANG_ENABLE_OBJC_ARC = YES;
				CLANG_WARN_BOOL_CONVERSION = YES;
				CLANG_WARN_CONSTANT_CONVERSION = YES;
				CLANG_WARN_DIRECT_OBJC_ISA_USAGE = YES_ERROR;
				CLANG_WARN_DOCUMENTATION_COMMENTS = YES;
				CLANG_WARN_EMPTY_BODY = YES;
				CLANG_WARN_ENUM_CONVERSION = YES;
				CLANG_WARN_INFINITE_RECURSION = YES;
				CLANG_WARN_INT_CONVERSION = YES;
				CLANG_WARN_OBJC_ROOT_CLASS = YES_ERROR;
				CLANG_WARN_SUSPICIOUS_MOVE = YES;
				CLANG_WARN_UNREACHABLE_CODE = YES;
				CLANG_WARN__DUPLICATE_METHOD_MATCH = YES;
				"CODE_SIGN_IDENTITY[sdk=iphoneos*]" = "iPhone Developer";
				COPY_PHASE_STRIP = NO;
				DEBUG_INFORMATION_FORMAT = dwarf;
				ENABLE_STRICT_OBJC_MSGSEND = YES;
				ENABLE_TESTABILITY = YES;
				GCC_C_LANGUAGE_STANDARD = gnu99;
				GCC_DYNAMIC_NO_PIC = NO;
				GCC_NO_COMMON_BLOCKS = YES;
				GCC_OPTIMIZATION_LEVEL = 0;
				GCC_PREPROCESSOR_DEFINITIONS = (
					"DEBUG=1",
					"$(inherited)",
				);
				GCC_WARN_64_TO_32_BIT_CONVERSION = YES;
				GCC_WARN_ABOUT_RETURN_TYPE = YES_ERROR;
				GCC_WARN_UNDECLARED_SELECTOR = YES;
				GCC_WARN_UNINITIALIZED_AUTOS = YES_AGGRESSIVE;
				GCC_WARN_UNUSED_FUNCTION = YES;
				GCC_WARN_UNUSED_VARIABLE = YES;
				IPHONEOS_DEPLOYMENT_TARGET = 10.3;
				MTL_ENABLE_DEBUG_INFO = YES;
				ONLY_ACTIVE_ARCH = YES;
				SDKROOT = iphoneos;
				SWIFT_ACTIVE_COMPILATION_CONDITIONS = DEBUG;
				SWIFT_OPTIMIZATION_LEVEL = "-Onone";
			};
			name = Debug;
		};
		FC02B3C91F3CF851007829EB /* Release */ = {
			isa = XCBuildConfiguration;
			buildSettings = {
				ALWAYS_SEARCH_USER_PATHS = NO;
				CLANG_ANALYZER_NONNULL = YES;
				CLANG_ANALYZER_NUMBER_OBJECT_CONVERSION = YES_AGGRESSIVE;
				CLANG_CXX_LANGUAGE_STANDARD = "gnu++0x";
				CLANG_CXX_LIBRARY = "libc++";
				CLANG_ENABLE_MODULES = YES;
				CLANG_ENABLE_OBJC_ARC = YES;
				CLANG_WARN_BOOL_CONVERSION = YES;
				CLANG_WARN_CONSTANT_CONVERSION = YES;
				CLANG_WARN_DIRECT_OBJC_ISA_USAGE = YES_ERROR;
				CLANG_WARN_DOCUMENTATION_COMMENTS = YES;
				CLANG_WARN_EMPTY_BODY = YES;
				CLANG_WARN_ENUM_CONVERSION = YES;
				CLANG_WARN_INFINITE_RECURSION = YES;
				CLANG_WARN_INT_CONVERSION = YES;
				CLANG_WARN_OBJC_ROOT_CLASS = YES_ERROR;
				CLANG_WARN_SUSPICIOUS_MOVE = YES;
				CLANG_WARN_UNREACHABLE_CODE = YES;
				CLANG_WARN__DUPLICATE_METHOD_MATCH = YES;
				"CODE_SIGN_IDENTITY[sdk=iphoneos*]" = "iPhone Developer";
				COPY_PHASE_STRIP = NO;
				DEBUG_INFORMATION_FORMAT = "dwarf-with-dsym";
				ENABLE_NS_ASSERTIONS = NO;
				ENABLE_STRICT_OBJC_MSGSEND = YES;
				GCC_C_LANGUAGE_STANDARD = gnu99;
				GCC_NO_COMMON_BLOCKS = YES;
				GCC_WARN_64_TO_32_BIT_CONVERSION = YES;
				GCC_WARN_ABOUT_RETURN_TYPE = YES_ERROR;
				GCC_WARN_UNDECLARED_SELECTOR = YES;
				GCC_WARN_UNINITIALIZED_AUTOS = YES_AGGRESSIVE;
				GCC_WARN_UNUSED_FUNCTION = YES;
				GCC_WARN_UNUSED_VARIABLE = YES;
				IPHONEOS_DEPLOYMENT_TARGET = 10.3;
				MTL_ENABLE_DEBUG_INFO = NO;
				SDKROOT = iphoneos;
				SWIFT_OPTIMIZATION_LEVEL = "-Owholemodule";
				VALIDATE_PRODUCT = YES;
			};
			name = Release;
		};
		FC02B3CB1F3CF851007829EB /* Debug */ = {
			isa = XCBuildConfiguration;
			buildSettings = {
				ASSETCATALOG_COMPILER_APPICON_NAME = AppIcon;
				"CODE_SIGN_IDENTITY[sdk=iphoneos*]" = "iPhone Developer";
				DEVELOPMENT_TEAM = 46F3JWDNJW;
				INFOPLIST_FILE = testTaskAMGrade/Info.plist;
				LD_RUNPATH_SEARCH_PATHS = "$(inherited) @executable_path/Frameworks";
				PRODUCT_BUNDLE_IDENTIFIER = swift3.testTaskAMGrade;
				PRODUCT_NAME = "$(TARGET_NAME)";
				PROVISIONING_PROFILE_SPECIFIER = "";
				SWIFT_VERSION = 3.0;
			};
			name = Debug;
		};
		FC02B3CC1F3CF851007829EB /* Release */ = {
			isa = XCBuildConfiguration;
			buildSettings = {
				ASSETCATALOG_COMPILER_APPICON_NAME = AppIcon;
				"CODE_SIGN_IDENTITY[sdk=iphoneos*]" = "iPhone Developer";
				DEVELOPMENT_TEAM = 46F3JWDNJW;
				INFOPLIST_FILE = testTaskAMGrade/Info.plist;
				LD_RUNPATH_SEARCH_PATHS = "$(inherited) @executable_path/Frameworks";
				PRODUCT_BUNDLE_IDENTIFIER = swift3.testTaskAMGrade;
				PRODUCT_NAME = "$(TARGET_NAME)";
				PROVISIONING_PROFILE_SPECIFIER = "";
				SWIFT_VERSION = 3.0;
			};
			name = Release;
		};
		FC02B3CE1F3CF851007829EB /* Debug */ = {
			isa = XCBuildConfiguration;
			buildSettings = {
				ALWAYS_EMBED_SWIFT_STANDARD_LIBRARIES = YES;
				BUNDLE_LOADER = "$(TEST_HOST)";
				DEVELOPMENT_TEAM = L8KP66Y8C7;
				INFOPLIST_FILE = testTaskAMGradeTests/Info.plist;
				LD_RUNPATH_SEARCH_PATHS = "$(inherited) @executable_path/Frameworks @loader_path/Frameworks";
				PRODUCT_BUNDLE_IDENTIFIER = swift3.testTaskAMGradeTests;
				PRODUCT_NAME = "$(TARGET_NAME)";
				SWIFT_VERSION = 3.0;
				TEST_HOST = "$(BUILT_PRODUCTS_DIR)/testTaskAMGrade.app/testTaskAMGrade";
			};
			name = Debug;
		};
		FC02B3CF1F3CF851007829EB /* Release */ = {
			isa = XCBuildConfiguration;
			buildSettings = {
				ALWAYS_EMBED_SWIFT_STANDARD_LIBRARIES = YES;
				BUNDLE_LOADER = "$(TEST_HOST)";
				DEVELOPMENT_TEAM = L8KP66Y8C7;
				INFOPLIST_FILE = testTaskAMGradeTests/Info.plist;
				LD_RUNPATH_SEARCH_PATHS = "$(inherited) @executable_path/Frameworks @loader_path/Frameworks";
				PRODUCT_BUNDLE_IDENTIFIER = swift3.testTaskAMGradeTests;
				PRODUCT_NAME = "$(TARGET_NAME)";
				SWIFT_VERSION = 3.0;
				TEST_HOST = "$(BUILT_PRODUCTS_DIR)/testTaskAMGrade.app/testTaskAMGrade";
			};
			name = Release;
		};
/* End XCBuildConfiguration section */

/* Begin XCConfigurationList section */
		FC02B3A81F3CF850007829EB /* Build configuration list for PBXProject "testTaskAMGrade" */ = {
			isa = XCConfigurationList;
			buildConfigurations = (
				FC02B3C81F3CF851007829EB /* Debug */,
				FC02B3C91F3CF851007829EB /* Release */,
			);
			defaultConfigurationIsVisible = 0;
			defaultConfigurationName = Release;
		};
		FC02B3CA1F3CF851007829EB /* Build configuration list for PBXNativeTarget "testTaskAMGrade" */ = {
			isa = XCConfigurationList;
			buildConfigurations = (
				FC02B3CB1F3CF851007829EB /* Debug */,
				FC02B3CC1F3CF851007829EB /* Release */,
			);
			defaultConfigurationIsVisible = 0;
			defaultConfigurationName = Release;
		};
		FC02B3CD1F3CF851007829EB /* Build configuration list for PBXNativeTarget "testTaskAMGradeTests" */ = {
			isa = XCConfigurationList;
			buildConfigurations = (
				FC02B3CE1F3CF851007829EB /* Debug */,
				FC02B3CF1F3CF851007829EB /* Release */,
			);
			defaultConfigurationIsVisible = 0;
			defaultConfigurationName = Release;
		};
/* End XCConfigurationList section */
	};
	rootObject = FC02B3A51F3CF850007829EB /* Project object */;
}
